// !$*UTF8*$!
{
	archiveVersion = 1;
	classes = {
	};
	objectVersion = 46;
	objects = {

/* Begin PBXBuildFile section */
		ED05E54C15979CE7005DF412 /* BUTTON_Draw_x1.png in Resources */ = {isa = PBXBuildFile; fileRef = ED05E54815979CE7005DF412 /* BUTTON_Draw_x1.png */; };
		ED05E54D15979CE7005DF412 /* BUTTON_Photography_x1.png in Resources */ = {isa = PBXBuildFile; fileRef = ED05E54915979CE7005DF412 /* BUTTON_Photography_x1.png */; };
		ED05E54E15979CE7005DF412 /* BUTTON_RECORD_choose_x1.png in Resources */ = {isa = PBXBuildFile; fileRef = ED05E54A15979CE7005DF412 /* BUTTON_RECORD_choose_x1.png */; };
		ED05E54F15979CE7005DF412 /* BUTTON_WriteIt_x1.png in Resources */ = {isa = PBXBuildFile; fileRef = ED05E54B15979CE7005DF412 /* BUTTON_WriteIt_x1.png */; };
		ED05E55215979E77005DF412 /* BKG_PickFavorite_x1.png in Resources */ = {isa = PBXBuildFile; fileRef = ED05E55115979E77005DF412 /* BKG_PickFavorite_x1.png */; };
		ED05E55415979EB8005DF412 /* BUTTON_PickFav_x1.png in Resources */ = {isa = PBXBuildFile; fileRef = ED05E55315979EB8005DF412 /* BUTTON_PickFav_x1.png */; };
		ED05E55615979FA8005DF412 /* TEXT_MakeSomeNoise_x1.png in Resources */ = {isa = PBXBuildFile; fileRef = ED05E55515979FA8005DF412 /* TEXT_MakeSomeNoise_x1.png */; };
		ED05E55815979FE2005DF412 /* BKG_LoudestRuckus_x1.png in Resources */ = {isa = PBXBuildFile; fileRef = ED05E55715979FE2005DF412 /* BKG_LoudestRuckus_x1.png */; };
		ED05E55A1597A021005DF412 /* BUTTON_SeeFanFrenzy_x1.png in Resources */ = {isa = PBXBuildFile; fileRef = ED05E5591597A021005DF412 /* BUTTON_SeeFanFrenzy_x1.png */; };
		ED05E55C1597A0EC005DF412 /* BKG_FanFrenzy_x1.png in Resources */ = {isa = PBXBuildFile; fileRef = ED05E55B1597A0EC005DF412 /* BKG_FanFrenzy_x1.png */; };
		ED05E55E1597A78E005DF412 /* Icon.png in Resources */ = {isa = PBXBuildFile; fileRef = ED05E55D1597A78E005DF412 /* Icon.png */; };
		ED05E5601597AABE005DF412 /* icon.png in Resources */ = {isa = PBXBuildFile; fileRef = ED05E55F1597AABD005DF412 /* icon.png */; };
		ED05E5B51597BBFE005DF412 /* Facebook.m in Sources */ = {isa = PBXBuildFile; fileRef = ED05E5981597BBFE005DF412 /* Facebook.m */; };
		ED05E5B61597BBFE005DF412 /* FBDialog.bundle in Resources */ = {isa = PBXBuildFile; fileRef = ED05E59B1597BBFE005DF412 /* FBDialog.bundle */; };
		ED05E5B71597BBFE005DF412 /* FBDialog.m in Sources */ = {isa = PBXBuildFile; fileRef = ED05E59D1597BBFE005DF412 /* FBDialog.m */; };
		ED05E5B81597BBFE005DF412 /* FBFrictionlessRequestSettings.m in Sources */ = {isa = PBXBuildFile; fileRef = ED05E59F1597BBFE005DF412 /* FBFrictionlessRequestSettings.m */; };
		ED05E5B91597BBFE005DF412 /* FBLoginDialog.m in Sources */ = {isa = PBXBuildFile; fileRef = ED05E5A11597BBFE005DF412 /* FBLoginDialog.m */; };
		ED05E5BA1597BBFE005DF412 /* FBRequest.m in Sources */ = {isa = PBXBuildFile; fileRef = ED05E5A31597BBFE005DF412 /* FBRequest.m */; };
		ED05E5BB1597BBFE005DF412 /* NSObject+SBJSON.m in Sources */ = {isa = PBXBuildFile; fileRef = ED05E5A71597BBFE005DF412 /* NSObject+SBJSON.m */; };
		ED05E5BC1597BBFE005DF412 /* NSString+SBJSON.m in Sources */ = {isa = PBXBuildFile; fileRef = ED05E5A91597BBFE005DF412 /* NSString+SBJSON.m */; };
		ED05E5BD1597BBFE005DF412 /* SBJSON.m in Sources */ = {isa = PBXBuildFile; fileRef = ED05E5AB1597BBFE005DF412 /* SBJSON.m */; };
		ED05E5BE1597BBFE005DF412 /* SBJsonBase.m in Sources */ = {isa = PBXBuildFile; fileRef = ED05E5AD1597BBFE005DF412 /* SBJsonBase.m */; };
		ED05E5BF1597BBFE005DF412 /* SBJsonParser.m in Sources */ = {isa = PBXBuildFile; fileRef = ED05E5AF1597BBFE005DF412 /* SBJsonParser.m */; };
		ED05E5C01597BBFE005DF412 /* SBJsonWriter.m in Sources */ = {isa = PBXBuildFile; fileRef = ED05E5B11597BBFE005DF412 /* SBJsonWriter.m */; };
		ED2EE4B5159667470055206F /* UIKit.framework in Frameworks */ = {isa = PBXBuildFile; fileRef = ED2EE4B4159667470055206F /* UIKit.framework */; };
		ED2EE4B7159667470055206F /* Foundation.framework in Frameworks */ = {isa = PBXBuildFile; fileRef = ED2EE4B6159667470055206F /* Foundation.framework */; };
		ED2EE4B9159667470055206F /* CoreGraphics.framework in Frameworks */ = {isa = PBXBuildFile; fileRef = ED2EE4B8159667470055206F /* CoreGraphics.framework */; };
		ED2EE4BF159667470055206F /* InfoPlist.strings in Resources */ = {isa = PBXBuildFile; fileRef = ED2EE4BD159667470055206F /* InfoPlist.strings */; };
		ED2EE4C1159667470055206F /* main.m in Sources */ = {isa = PBXBuildFile; fileRef = ED2EE4C0159667470055206F /* main.m */; };
		ED2EE4C5159667470055206F /* ruckusAppDelegate.m in Sources */ = {isa = PBXBuildFile; fileRef = ED2EE4C4159667470055206F /* ruckusAppDelegate.m */; };
		ED2EE4C8159667470055206F /* MainWindow.xib in Resources */ = {isa = PBXBuildFile; fileRef = ED2EE4C6159667470055206F /* MainWindow.xib */; };
		ED2EE4CB159667470055206F /* RootViewController.m in Sources */ = {isa = PBXBuildFile; fileRef = ED2EE4CA159667470055206F /* RootViewController.m */; };
		ED2EE4CE159667470055206F /* RootViewController.xib in Resources */ = {isa = PBXBuildFile; fileRef = ED2EE4CC159667470055206F /* RootViewController.xib */; };
		ED2EE4D51596705E0055206F /* AVFoundation.framework in Frameworks */ = {isa = PBXBuildFile; fileRef = ED2EE4D41596705E0055206F /* AVFoundation.framework */; };
		ED2EE4DD15968A3C0055206F /* game.m in Sources */ = {isa = PBXBuildFile; fileRef = ED2EE4DB15968A3C0055206F /* game.m */; };
		ED2EE4DE15968A3C0055206F /* game.xib in Resources */ = {isa = PBXBuildFile; fileRef = ED2EE4DC15968A3C0055206F /* game.xib */; };
		ED2EE4E215968B910055206F /* shout.m in Sources */ = {isa = PBXBuildFile; fileRef = ED2EE4E015968B910055206F /* shout.m */; };
		ED2EE4E715968FD70055206F /* topShouts.m in Sources */ = {isa = PBXBuildFile; fileRef = ED2EE4E515968FD70055206F /* topShouts.m */; };
		ED2EE4E815968FD70055206F /* topShouts.xib in Resources */ = {isa = PBXBuildFile; fileRef = ED2EE4E615968FD70055206F /* topShouts.xib */; };
		ED2EE4F1159690D90055206F /* spirit.m in Sources */ = {isa = PBXBuildFile; fileRef = ED2EE4EF159690D80055206F /* spirit.m */; };
		ED2EE4F2159690D90055206F /* spirit.xib in Resources */ = {isa = PBXBuildFile; fileRef = ED2EE4F0159690D80055206F /* spirit.xib */; };
		ED2EE4F51596AA8B0055206F /* JSONKit.m in Sources */ = {isa = PBXBuildFile; fileRef = ED2EE4F41596AA8B0055206F /* JSONKit.m */; };
		ED2EE4F91596C82E0055206F /* topShoutsAll.m in Sources */ = {isa = PBXBuildFile; fileRef = ED2EE4F71596C82D0055206F /* topShoutsAll.m */; };
		ED2EE4FA1596C82E0055206F /* topShoutsAll.xib in Resources */ = {isa = PBXBuildFile; fileRef = ED2EE4F81596C82E0055206F /* topShoutsAll.xib */; };
		ED2EE4FD1596D0180055206F /* SPLASH_x1.png in Resources */ = {isa = PBXBuildFile; fileRef = ED2EE4FB1596D0170055206F /* SPLASH_x1.png */; };
		ED2EE4FE1596D0180055206F /* SPLASH_x2.png in Resources */ = {isa = PBXBuildFile; fileRef = ED2EE4FC1596D0170055206F /* SPLASH_x2.png */; };
		ED2EE5001596D0420055206F /* Default.png in Resources */ = {isa = PBXBuildFile; fileRef = ED2EE4FF1596D0420055206F /* Default.png */; };
		ED2EE5021596D04A0055206F /* Default@2x.png in Resources */ = {isa = PBXBuildFile; fileRef = ED2EE5011596D0490055206F /* Default@2x.png */; };
		ED2EE5411596D3580055206F /* BKG_x1.png in Resources */ = {isa = PBXBuildFile; fileRef = ED2EE5401596D3580055206F /* BKG_x1.png */; };
		ED2EE5441596D4A20055206F /* mets_head.png in Resources */ = {isa = PBXBuildFile; fileRef = ED2EE5421596D4A20055206F /* mets_head.png */; };
		ED2EE5451596D4A20055206F /* yankees_head.png in Resources */ = {isa = PBXBuildFile; fileRef = ED2EE5431596D4A20055206F /* yankees_head.png */; };
		ED2EE5471596D4EA0055206F /* head.png in Resources */ = {isa = PBXBuildFile; fileRef = ED2EE5461596D4EA0055206F /* head.png */; };
		ED2EE5491596D6660055206F /* BKG_SCR1_x1.png in Resources */ = {isa = PBXBuildFile; fileRef = ED2EE5481596D6660055206F /* BKG_SCR1_x1.png */; };
		ED2EE54B1596D69D0055206F /* mets_btn.png in Resources */ = {isa = PBXBuildFile; fileRef = ED2EE54A1596D69D0055206F /* mets_btn.png */; };
		ED2EE54D1596D6A50055206F /* yankees_btn.png in Resources */ = {isa = PBXBuildFile; fileRef = ED2EE54C1596D6A50055206F /* yankees_btn.png */; };
		ED2EE5501596DD9A0055206F /* As_btn.png in Resources */ = {isa = PBXBuildFile; fileRef = ED2EE54E1596DD9A0055206F /* As_btn.png */; };
		ED2EE5511596DD9A0055206F /* giants_btn.png in Resources */ = {isa = PBXBuildFile; fileRef = ED2EE54F1596DD9A0055206F /* giants_btn.png */; };
		ED2EE5531596DDF40055206F /* BKG_SCR2_x1.png in Resources */ = {isa = PBXBuildFile; fileRef = ED2EE5521596DDF40055206F /* BKG_SCR2_x1.png */; };
		ED2EE5551596DEEF0055206F /* BUTTON_SUBMIT_x1.png in Resources */ = {isa = PBXBuildFile; fileRef = ED2EE5541596DEEF0055206F /* BUTTON_SUBMIT_x1.png */; };
		ED2EE5571596DF2F0055206F /* BUTTON_SHARE_BIG_x1.png in Resources */ = {isa = PBXBuildFile; fileRef = ED2EE5561596DF2E0055206F /* BUTTON_SHARE_BIG_x1.png */; };
		ED2EE5591596DF450055206F /* BUTTON_SKIP_x1.png in Resources */ = {isa = PBXBuildFile; fileRef = ED2EE5581596DF450055206F /* BUTTON_SKIP_x1.png */; };
		ED2EE55B1596E0A30055206F /* BKG_SCR3_x1.png in Resources */ = {isa = PBXBuildFile; fileRef = ED2EE55A1596E0A30055206F /* BKG_SCR3_x1.png */; };
		ED2EE55F1596E1340055206F /* BUTTON_FLAG_x1.png in Resources */ = {isa = PBXBuildFile; fileRef = ED2EE55C1596E1330055206F /* BUTTON_FLAG_x1.png */; };
		ED2EE5601596E1340055206F /* BUTTON_SHARE_SM_x1.png in Resources */ = {isa = PBXBuildFile; fileRef = ED2EE55D1596E1340055206F /* BUTTON_SHARE_SM_x1.png */; };
		ED2EE5611596E1340055206F /* BUTTON_VOTE_x1.png in Resources */ = {isa = PBXBuildFile; fileRef = ED2EE55E1596E1340055206F /* BUTTON_VOTE_x1.png */; };
		ED4DE1911596E2E700FD54C6 /* screen2.png in Resources */ = {isa = PBXBuildFile; fileRef = ED4DE1901596E2E700FD54C6 /* screen2.png */; };
		ED4DE1931596E5AE00FD54C6 /* head_increase.png in Resources */ = {isa = PBXBuildFile; fileRef = ED4DE1921596E5AE00FD54C6 /* head_increase.png */; };
		ED4DE1981596E63D00FD54C6 /* recording1_x1.png in Resources */ = {isa = PBXBuildFile; fileRef = ED4DE1941596E63D00FD54C6 /* recording1_x1.png */; };
		ED4DE1991596E63D00FD54C6 /* recording2_x1.png in Resources */ = {isa = PBXBuildFile; fileRef = ED4DE1951596E63D00FD54C6 /* recording2_x1.png */; };
		ED4DE19A1596E63D00FD54C6 /* recording3_x1.png in Resources */ = {isa = PBXBuildFile; fileRef = ED4DE1961596E63D00FD54C6 /* recording3_x1.png */; };
		ED4DE19B1596E63D00FD54C6 /* recording4_x1.png in Resources */ = {isa = PBXBuildFile; fileRef = ED4DE1971596E63D00FD54C6 /* recording4_x1.png */; };
		ED4DE19D1596E65D00FD54C6 /* BUTTON_RECORD_x1.png in Resources */ = {isa = PBXBuildFile; fileRef = ED4DE19C1596E65D00FD54C6 /* BUTTON_RECORD_x1.png */; };
		ED4DE19F1596E6E200FD54C6 /* TEXT_MakeARuckus_x1.png in Resources */ = {isa = PBXBuildFile; fileRef = ED4DE19E1596E6E200FD54C6 /* TEXT_MakeARuckus_x1.png */; };
		ED4DE1A11596E76700FD54C6 /* BKG_SCR5_x1.png in Resources */ = {isa = PBXBuildFile; fileRef = ED4DE1A01596E76700FD54C6 /* BKG_SCR5_x1.png */; };
		ED4DE1A31596E8A900FD54C6 /* BUTTON_DONE_x1.png in Resources */ = {isa = PBXBuildFile; fileRef = ED4DE1A21596E8A900FD54C6 /* BUTTON_DONE_x1.png */; };
		ED4DE1A51596E92A00FD54C6 /* BKG_SCR6_STATIC_x1.png in Resources */ = {isa = PBXBuildFile; fileRef = ED4DE1A41596E92A00FD54C6 /* BKG_SCR6_STATIC_x1.png */; };
		ED4DE1AB1596EF9B00FD54C6 /* Entitlements.entitlements in Resources */ = {isa = PBXBuildFile; fileRef = ED4DE1AA1596EF9A00FD54C6 /* Entitlements.entitlements */; };
		EDEEEF0C159794BB00B2D080 /* gameInfo.m in Sources */ = {isa = PBXBuildFile; fileRef = EDEEEF0A159794BB00B2D080 /* gameInfo.m */; };
		EDEEEF0D159794BB00B2D080 /* gameInfo.xib in Resources */ = {isa = PBXBuildFile; fileRef = EDEEEF0B159794BB00B2D080 /* gameInfo.xib */; };
		EDEEEF0F1597960000B2D080 /* BUTTON_MakeARuckus_x1.png in Resources */ = {isa = PBXBuildFile; fileRef = EDEEEF0E1597960000B2D080 /* BUTTON_MakeARuckus_x1.png */; };
		EDEEEF111597990A00B2D080 /* shout.xib in Resources */ = {isa = PBXBuildFile; fileRef = EDEEEF101597990A00B2D080 /* shout.xib */; };
		EDEEEF15159799DB00B2D080 /* choose.m in Sources */ = {isa = PBXBuildFile; fileRef = EDEEEF13159799DA00B2D080 /* choose.m */; };
		EDEEEF16159799DB00B2D080 /* choose.xib in Resources */ = {isa = PBXBuildFile; fileRef = EDEEEF14159799DA00B2D080 /* choose.xib */; };
		EDEEEF1915979A0000B2D080 /* BKG_GotSomething_x1.png in Resources */ = {isa = PBXBuildFile; fileRef = EDEEEF1715979A0000B2D080 /* BKG_GotSomething_x1.png */; };
		EDEEEF1A15979A0000B2D080 /* BKG_LetsHearIt_x1.png in Resources */ = {isa = PBXBuildFile; fileRef = EDEEEF1815979A0000B2D080 /* BKG_LetsHearIt_x1.png */; };
/* End PBXBuildFile section */

/* Begin PBXContainerItemProxy section */
		ED05E5C21597BBFE005DF412 /* PBXContainerItemProxy */ = {
			isa = PBXContainerItemProxy;
			containerPortal = ED05E5941597BBFE005DF412 /* facebook-ios-sdk.xcodeproj */;
			proxyType = 2;
			remoteGlobalIDString = D2AAC07E0554694100DB518D;
			remoteInfo = "facebook-ios-sdk";
		};
/* End PBXContainerItemProxy section */

/* Begin PBXFileReference section */
		ED05E54815979CE7005DF412 /* BUTTON_Draw_x1.png */ = {isa = PBXFileReference; lastKnownFileType = image.png; path = BUTTON_Draw_x1.png; sourceTree = "<group>"; };
		ED05E54915979CE7005DF412 /* BUTTON_Photography_x1.png */ = {isa = PBXFileReference; lastKnownFileType = image.png; path = BUTTON_Photography_x1.png; sourceTree = "<group>"; };
		ED05E54A15979CE7005DF412 /* BUTTON_RECORD_choose_x1.png */ = {isa = PBXFileReference; lastKnownFileType = image.png; path = BUTTON_RECORD_choose_x1.png; sourceTree = "<group>"; };
		ED05E54B15979CE7005DF412 /* BUTTON_WriteIt_x1.png */ = {isa = PBXFileReference; lastKnownFileType = image.png; path = BUTTON_WriteIt_x1.png; sourceTree = "<group>"; };
		ED05E55115979E77005DF412 /* BKG_PickFavorite_x1.png */ = {isa = PBXFileReference; lastKnownFileType = image.png; path = BKG_PickFavorite_x1.png; sourceTree = "<group>"; };
		ED05E55315979EB8005DF412 /* BUTTON_PickFav_x1.png */ = {isa = PBXFileReference; lastKnownFileType = image.png; path = BUTTON_PickFav_x1.png; sourceTree = "<group>"; };
		ED05E55515979FA8005DF412 /* TEXT_MakeSomeNoise_x1.png */ = {isa = PBXFileReference; lastKnownFileType = image.png; path = TEXT_MakeSomeNoise_x1.png; sourceTree = "<group>"; };
		ED05E55715979FE2005DF412 /* BKG_LoudestRuckus_x1.png */ = {isa = PBXFileReference; lastKnownFileType = image.png; path = BKG_LoudestRuckus_x1.png; sourceTree = "<group>"; };
		ED05E5591597A021005DF412 /* BUTTON_SeeFanFrenzy_x1.png */ = {isa = PBXFileReference; lastKnownFileType = image.png; path = BUTTON_SeeFanFrenzy_x1.png; sourceTree = "<group>"; };
		ED05E55B1597A0EC005DF412 /* BKG_FanFrenzy_x1.png */ = {isa = PBXFileReference; lastKnownFileType = image.png; path = BKG_FanFrenzy_x1.png; sourceTree = "<group>"; };
		ED05E55D1597A78E005DF412 /* Icon.png */ = {isa = PBXFileReference; lastKnownFileType = image.png; path = Icon.png; sourceTree = "<group>"; };
		ED05E55F1597AABD005DF412 /* icon.png */ = {isa = PBXFileReference; lastKnownFileType = image.png; path = icon.png; sourceTree = "<group>"; };
		ED05E5941597BBFE005DF412 /* facebook-ios-sdk.xcodeproj */ = {isa = PBXFileReference; lastKnownFileType = "wrapper.pb-project"; path = "facebook-ios-sdk.xcodeproj"; sourceTree = "<group>"; };
		ED05E5971597BBFE005DF412 /* Facebook.h */ = {isa = PBXFileReference; fileEncoding = 4; lastKnownFileType = sourcecode.c.h; path = Facebook.h; sourceTree = "<group>"; };
		ED05E5981597BBFE005DF412 /* Facebook.m */ = {isa = PBXFileReference; fileEncoding = 4; lastKnownFileType = sourcecode.c.objc; path = Facebook.m; sourceTree = "<group>"; };
		ED05E5991597BBFE005DF412 /* facebook_ios_sdk_Prefix.pch */ = {isa = PBXFileReference; fileEncoding = 4; lastKnownFileType = sourcecode.c.h; path = facebook_ios_sdk_Prefix.pch; sourceTree = "<group>"; };
		ED05E59A1597BBFE005DF412 /* FBConnect.h */ = {isa = PBXFileReference; fileEncoding = 4; lastKnownFileType = sourcecode.c.h; path = FBConnect.h; sourceTree = "<group>"; };
		ED05E59B1597BBFE005DF412 /* FBDialog.bundle */ = {isa = PBXFileReference; lastKnownFileType = "wrapper.plug-in"; path = FBDialog.bundle; sourceTree = "<group>"; };
		ED05E59C1597BBFE005DF412 /* FBDialog.h */ = {isa = PBXFileReference; fileEncoding = 4; lastKnownFileType = sourcecode.c.h; path = FBDialog.h; sourceTree = "<group>"; };
		ED05E59D1597BBFE005DF412 /* FBDialog.m */ = {isa = PBXFileReference; fileEncoding = 4; lastKnownFileType = sourcecode.c.objc; path = FBDialog.m; sourceTree = "<group>"; };
		ED05E59E1597BBFE005DF412 /* FBFrictionlessRequestSettings.h */ = {isa = PBXFileReference; fileEncoding = 4; lastKnownFileType = sourcecode.c.h; path = FBFrictionlessRequestSettings.h; sourceTree = "<group>"; };
		ED05E59F1597BBFE005DF412 /* FBFrictionlessRequestSettings.m */ = {isa = PBXFileReference; fileEncoding = 4; lastKnownFileType = sourcecode.c.objc; path = FBFrictionlessRequestSettings.m; sourceTree = "<group>"; };
		ED05E5A01597BBFE005DF412 /* FBLoginDialog.h */ = {isa = PBXFileReference; fileEncoding = 4; lastKnownFileType = sourcecode.c.h; path = FBLoginDialog.h; sourceTree = "<group>"; };
		ED05E5A11597BBFE005DF412 /* FBLoginDialog.m */ = {isa = PBXFileReference; fileEncoding = 4; lastKnownFileType = sourcecode.c.objc; path = FBLoginDialog.m; sourceTree = "<group>"; };
		ED05E5A21597BBFE005DF412 /* FBRequest.h */ = {isa = PBXFileReference; fileEncoding = 4; lastKnownFileType = sourcecode.c.h; path = FBRequest.h; sourceTree = "<group>"; };
		ED05E5A31597BBFE005DF412 /* FBRequest.m */ = {isa = PBXFileReference; fileEncoding = 4; lastKnownFileType = sourcecode.c.objc; path = FBRequest.m; sourceTree = "<group>"; };
		ED05E5A51597BBFE005DF412 /* JSON.h */ = {isa = PBXFileReference; fileEncoding = 4; lastKnownFileType = sourcecode.c.h; path = JSON.h; sourceTree = "<group>"; };
		ED05E5A61597BBFE005DF412 /* NSObject+SBJSON.h */ = {isa = PBXFileReference; fileEncoding = 4; lastKnownFileType = sourcecode.c.h; path = "NSObject+SBJSON.h"; sourceTree = "<group>"; };
		ED05E5A71597BBFE005DF412 /* NSObject+SBJSON.m */ = {isa = PBXFileReference; fileEncoding = 4; lastKnownFileType = sourcecode.c.objc; path = "NSObject+SBJSON.m"; sourceTree = "<group>"; };
		ED05E5A81597BBFE005DF412 /* NSString+SBJSON.h */ = {isa = PBXFileReference; fileEncoding = 4; lastKnownFileType = sourcecode.c.h; path = "NSString+SBJSON.h"; sourceTree = "<group>"; };
		ED05E5A91597BBFE005DF412 /* NSString+SBJSON.m */ = {isa = PBXFileReference; fileEncoding = 4; lastKnownFileType = sourcecode.c.objc; path = "NSString+SBJSON.m"; sourceTree = "<group>"; };
		ED05E5AA1597BBFE005DF412 /* SBJSON.h */ = {isa = PBXFileReference; fileEncoding = 4; lastKnownFileType = sourcecode.c.h; path = SBJSON.h; sourceTree = "<group>"; };
		ED05E5AB1597BBFE005DF412 /* SBJSON.m */ = {isa = PBXFileReference; fileEncoding = 4; lastKnownFileType = sourcecode.c.objc; path = SBJSON.m; sourceTree = "<group>"; };
		ED05E5AC1597BBFE005DF412 /* SBJsonBase.h */ = {isa = PBXFileReference; fileEncoding = 4; lastKnownFileType = sourcecode.c.h; path = SBJsonBase.h; sourceTree = "<group>"; };
		ED05E5AD1597BBFE005DF412 /* SBJsonBase.m */ = {isa = PBXFileReference; fileEncoding = 4; lastKnownFileType = sourcecode.c.objc; path = SBJsonBase.m; sourceTree = "<group>"; };
		ED05E5AE1597BBFE005DF412 /* SBJsonParser.h */ = {isa = PBXFileReference; fileEncoding = 4; lastKnownFileType = sourcecode.c.h; path = SBJsonParser.h; sourceTree = "<group>"; };
		ED05E5AF1597BBFE005DF412 /* SBJsonParser.m */ = {isa = PBXFileReference; fileEncoding = 4; lastKnownFileType = sourcecode.c.objc; path = SBJsonParser.m; sourceTree = "<group>"; };
		ED05E5B01597BBFE005DF412 /* SBJsonWriter.h */ = {isa = PBXFileReference; fileEncoding = 4; lastKnownFileType = sourcecode.c.h; path = SBJsonWriter.h; sourceTree = "<group>"; };
		ED05E5B11597BBFE005DF412 /* SBJsonWriter.m */ = {isa = PBXFileReference; fileEncoding = 4; lastKnownFileType = sourcecode.c.objc; path = SBJsonWriter.m; sourceTree = "<group>"; };
		ED2EE4B0159667470055206F /* ruckus.app */ = {isa = PBXFileReference; explicitFileType = wrapper.application; includeInIndex = 0; path = ruckus.app; sourceTree = BUILT_PRODUCTS_DIR; };
		ED2EE4B4159667470055206F /* UIKit.framework */ = {isa = PBXFileReference; lastKnownFileType = wrapper.framework; name = UIKit.framework; path = System/Library/Frameworks/UIKit.framework; sourceTree = SDKROOT; };
		ED2EE4B6159667470055206F /* Foundation.framework */ = {isa = PBXFileReference; lastKnownFileType = wrapper.framework; name = Foundation.framework; path = System/Library/Frameworks/Foundation.framework; sourceTree = SDKROOT; };
		ED2EE4B8159667470055206F /* CoreGraphics.framework */ = {isa = PBXFileReference; lastKnownFileType = wrapper.framework; name = CoreGraphics.framework; path = System/Library/Frameworks/CoreGraphics.framework; sourceTree = SDKROOT; };
		ED2EE4BC159667470055206F /* ruckus-Info.plist */ = {isa = PBXFileReference; lastKnownFileType = text.plist.xml; path = "ruckus-Info.plist"; sourceTree = "<group>"; };
		ED2EE4BE159667470055206F /* en */ = {isa = PBXFileReference; lastKnownFileType = text.plist.strings; name = en; path = en.lproj/InfoPlist.strings; sourceTree = "<group>"; };
		ED2EE4C0159667470055206F /* main.m */ = {isa = PBXFileReference; lastKnownFileType = sourcecode.c.objc; path = main.m; sourceTree = "<group>"; };
		ED2EE4C2159667470055206F /* ruckus-Prefix.pch */ = {isa = PBXFileReference; lastKnownFileType = sourcecode.c.h; path = "ruckus-Prefix.pch"; sourceTree = "<group>"; };
		ED2EE4C3159667470055206F /* ruckusAppDelegate.h */ = {isa = PBXFileReference; lastKnownFileType = sourcecode.c.h; path = ruckusAppDelegate.h; sourceTree = "<group>"; };
		ED2EE4C4159667470055206F /* ruckusAppDelegate.m */ = {isa = PBXFileReference; lastKnownFileType = sourcecode.c.objc; path = ruckusAppDelegate.m; sourceTree = "<group>"; };
		ED2EE4C7159667470055206F /* en */ = {isa = PBXFileReference; lastKnownFileType = file.xib; name = en; path = en.lproj/MainWindow.xib; sourceTree = "<group>"; };
		ED2EE4C9159667470055206F /* RootViewController.h */ = {isa = PBXFileReference; lastKnownFileType = sourcecode.c.h; path = RootViewController.h; sourceTree = "<group>"; };
		ED2EE4CA159667470055206F /* RootViewController.m */ = {isa = PBXFileReference; lastKnownFileType = sourcecode.c.objc; path = RootViewController.m; sourceTree = "<group>"; };
		ED2EE4CD159667470055206F /* en */ = {isa = PBXFileReference; lastKnownFileType = file.xib; name = en; path = en.lproj/RootViewController.xib; sourceTree = "<group>"; };
		ED2EE4D41596705E0055206F /* AVFoundation.framework */ = {isa = PBXFileReference; lastKnownFileType = wrapper.framework; name = AVFoundation.framework; path = System/Library/Frameworks/AVFoundation.framework; sourceTree = SDKROOT; };
		ED2EE4DA15968A3C0055206F /* game.h */ = {isa = PBXFileReference; fileEncoding = 4; lastKnownFileType = sourcecode.c.h; path = game.h; sourceTree = "<group>"; };
		ED2EE4DB15968A3C0055206F /* game.m */ = {isa = PBXFileReference; fileEncoding = 4; lastKnownFileType = sourcecode.c.objc; path = game.m; sourceTree = "<group>"; };
		ED2EE4DC15968A3C0055206F /* game.xib */ = {isa = PBXFileReference; fileEncoding = 4; lastKnownFileType = file.xib; path = game.xib; sourceTree = "<group>"; };
		ED2EE4DF15968B910055206F /* shout.h */ = {isa = PBXFileReference; fileEncoding = 4; lastKnownFileType = sourcecode.c.h; path = shout.h; sourceTree = "<group>"; };
		ED2EE4E015968B910055206F /* shout.m */ = {isa = PBXFileReference; fileEncoding = 4; lastKnownFileType = sourcecode.c.objc; path = shout.m; sourceTree = "<group>"; };
		ED2EE4E415968FD70055206F /* topShouts.h */ = {isa = PBXFileReference; fileEncoding = 4; lastKnownFileType = sourcecode.c.h; path = topShouts.h; sourceTree = "<group>"; };
		ED2EE4E515968FD70055206F /* topShouts.m */ = {isa = PBXFileReference; fileEncoding = 4; lastKnownFileType = sourcecode.c.objc; path = topShouts.m; sourceTree = "<group>"; };
		ED2EE4E615968FD70055206F /* topShouts.xib */ = {isa = PBXFileReference; fileEncoding = 4; lastKnownFileType = file.xib; path = topShouts.xib; sourceTree = "<group>"; };
		ED2EE4EE159690D80055206F /* spirit.h */ = {isa = PBXFileReference; fileEncoding = 4; lastKnownFileType = sourcecode.c.h; path = spirit.h; sourceTree = "<group>"; };
		ED2EE4EF159690D80055206F /* spirit.m */ = {isa = PBXFileReference; fileEncoding = 4; lastKnownFileType = sourcecode.c.objc; path = spirit.m; sourceTree = "<group>"; };
		ED2EE4F0159690D80055206F /* spirit.xib */ = {isa = PBXFileReference; fileEncoding = 4; lastKnownFileType = file.xib; path = spirit.xib; sourceTree = "<group>"; };
		ED2EE4F31596AA8B0055206F /* JSONKit.h */ = {isa = PBXFileReference; fileEncoding = 4; lastKnownFileType = sourcecode.c.h; path = JSONKit.h; sourceTree = "<group>"; };
		ED2EE4F41596AA8B0055206F /* JSONKit.m */ = {isa = PBXFileReference; fileEncoding = 4; lastKnownFileType = sourcecode.c.objc; path = JSONKit.m; sourceTree = "<group>"; };
		ED2EE4F61596C82D0055206F /* topShoutsAll.h */ = {isa = PBXFileReference; fileEncoding = 4; lastKnownFileType = sourcecode.c.h; path = topShoutsAll.h; sourceTree = "<group>"; };
		ED2EE4F71596C82D0055206F /* topShoutsAll.m */ = {isa = PBXFileReference; fileEncoding = 4; lastKnownFileType = sourcecode.c.objc; path = topShoutsAll.m; sourceTree = "<group>"; };
		ED2EE4F81596C82E0055206F /* topShoutsAll.xib */ = {isa = PBXFileReference; fileEncoding = 4; lastKnownFileType = file.xib; path = topShoutsAll.xib; sourceTree = "<group>"; };
		ED2EE4FB1596D0170055206F /* SPLASH_x1.png */ = {isa = PBXFileReference; lastKnownFileType = image.png; path = SPLASH_x1.png; sourceTree = "<group>"; };
		ED2EE4FC1596D0170055206F /* SPLASH_x2.png */ = {isa = PBXFileReference; lastKnownFileType = image.png; path = SPLASH_x2.png; sourceTree = "<group>"; };
		ED2EE4FF1596D0420055206F /* Default.png */ = {isa = PBXFileReference; lastKnownFileType = image.png; path = Default.png; sourceTree = "<group>"; };
		ED2EE5011596D0490055206F /* Default@2x.png */ = {isa = PBXFileReference; lastKnownFileType = image.png; path = "Default@2x.png"; sourceTree = "<group>"; };
		ED2EE5401596D3580055206F /* BKG_x1.png */ = {isa = PBXFileReference; lastKnownFileType = image.png; path = BKG_x1.png; sourceTree = "<group>"; };
		ED2EE5421596D4A20055206F /* mets_head.png */ = {isa = PBXFileReference; lastKnownFileType = image.png; path = mets_head.png; sourceTree = "<group>"; };
		ED2EE5431596D4A20055206F /* yankees_head.png */ = {isa = PBXFileReference; lastKnownFileType = image.png; path = yankees_head.png; sourceTree = "<group>"; };
		ED2EE5461596D4EA0055206F /* head.png */ = {isa = PBXFileReference; lastKnownFileType = image.png; path = head.png; sourceTree = "<group>"; };
		ED2EE5481596D6660055206F /* BKG_SCR1_x1.png */ = {isa = PBXFileReference; lastKnownFileType = image.png; path = BKG_SCR1_x1.png; sourceTree = "<group>"; };
		ED2EE54A1596D69D0055206F /* mets_btn.png */ = {isa = PBXFileReference; lastKnownFileType = image.png; path = mets_btn.png; sourceTree = "<group>"; };
		ED2EE54C1596D6A50055206F /* yankees_btn.png */ = {isa = PBXFileReference; lastKnownFileType = image.png; path = yankees_btn.png; sourceTree = "<group>"; };
		ED2EE54E1596DD9A0055206F /* As_btn.png */ = {isa = PBXFileReference; lastKnownFileType = image.png; path = As_btn.png; sourceTree = "<group>"; };
		ED2EE54F1596DD9A0055206F /* giants_btn.png */ = {isa = PBXFileReference; lastKnownFileType = image.png; path = giants_btn.png; sourceTree = "<group>"; };
		ED2EE5521596DDF40055206F /* BKG_SCR2_x1.png */ = {isa = PBXFileReference; lastKnownFileType = image.png; path = BKG_SCR2_x1.png; sourceTree = "<group>"; };
		ED2EE5541596DEEF0055206F /* BUTTON_SUBMIT_x1.png */ = {isa = PBXFileReference; lastKnownFileType = image.png; path = BUTTON_SUBMIT_x1.png; sourceTree = "<group>"; };
		ED2EE5561596DF2E0055206F /* BUTTON_SHARE_BIG_x1.png */ = {isa = PBXFileReference; lastKnownFileType = image.png; path = BUTTON_SHARE_BIG_x1.png; sourceTree = "<group>"; };
		ED2EE5581596DF450055206F /* BUTTON_SKIP_x1.png */ = {isa = PBXFileReference; lastKnownFileType = image.png; path = BUTTON_SKIP_x1.png; sourceTree = "<group>"; };
		ED2EE55A1596E0A30055206F /* BKG_SCR3_x1.png */ = {isa = PBXFileReference; lastKnownFileType = image.png; path = BKG_SCR3_x1.png; sourceTree = "<group>"; };
		ED2EE55C1596E1330055206F /* BUTTON_FLAG_x1.png */ = {isa = PBXFileReference; lastKnownFileType = image.png; path = BUTTON_FLAG_x1.png; sourceTree = "<group>"; };
		ED2EE55D1596E1340055206F /* BUTTON_SHARE_SM_x1.png */ = {isa = PBXFileReference; lastKnownFileType = image.png; path = BUTTON_SHARE_SM_x1.png; sourceTree = "<group>"; };
		ED2EE55E1596E1340055206F /* BUTTON_VOTE_x1.png */ = {isa = PBXFileReference; lastKnownFileType = image.png; path = BUTTON_VOTE_x1.png; sourceTree = "<group>"; };
		ED4DE1901596E2E700FD54C6 /* screen2.png */ = {isa = PBXFileReference; lastKnownFileType = image.png; path = screen2.png; sourceTree = "<group>"; };
		ED4DE1921596E5AE00FD54C6 /* head_increase.png */ = {isa = PBXFileReference; lastKnownFileType = image.png; path = head_increase.png; sourceTree = "<group>"; };
		ED4DE1941596E63D00FD54C6 /* recording1_x1.png */ = {isa = PBXFileReference; lastKnownFileType = image.png; path = recording1_x1.png; sourceTree = "<group>"; };
		ED4DE1951596E63D00FD54C6 /* recording2_x1.png */ = {isa = PBXFileReference; lastKnownFileType = image.png; path = recording2_x1.png; sourceTree = "<group>"; };
		ED4DE1961596E63D00FD54C6 /* recording3_x1.png */ = {isa = PBXFileReference; lastKnownFileType = image.png; path = recording3_x1.png; sourceTree = "<group>"; };
		ED4DE1971596E63D00FD54C6 /* recording4_x1.png */ = {isa = PBXFileReference; lastKnownFileType = image.png; path = recording4_x1.png; sourceTree = "<group>"; };
		ED4DE19C1596E65D00FD54C6 /* BUTTON_RECORD_x1.png */ = {isa = PBXFileReference; lastKnownFileType = image.png; path = BUTTON_RECORD_x1.png; sourceTree = "<group>"; };
		ED4DE19E1596E6E200FD54C6 /* TEXT_MakeARuckus_x1.png */ = {isa = PBXFileReference; lastKnownFileType = image.png; path = TEXT_MakeARuckus_x1.png; sourceTree = "<group>"; };
		ED4DE1A01596E76700FD54C6 /* BKG_SCR5_x1.png */ = {isa = PBXFileReference; lastKnownFileType = image.png; path = BKG_SCR5_x1.png; sourceTree = "<group>"; };
		ED4DE1A21596E8A900FD54C6 /* BUTTON_DONE_x1.png */ = {isa = PBXFileReference; lastKnownFileType = image.png; path = BUTTON_DONE_x1.png; sourceTree = "<group>"; };
		ED4DE1A41596E92A00FD54C6 /* BKG_SCR6_STATIC_x1.png */ = {isa = PBXFileReference; lastKnownFileType = image.png; path = BKG_SCR6_STATIC_x1.png; sourceTree = "<group>"; };
		ED4DE1AA1596EF9A00FD54C6 /* Entitlements.entitlements */ = {isa = PBXFileReference; fileEncoding = 4; lastKnownFileType = text.xml; path = Entitlements.entitlements; sourceTree = "<group>"; };
		EDEEEF09159794BB00B2D080 /* gameInfo.h */ = {isa = PBXFileReference; fileEncoding = 4; lastKnownFileType = sourcecode.c.h; path = gameInfo.h; sourceTree = "<group>"; };
		EDEEEF0A159794BB00B2D080 /* gameInfo.m */ = {isa = PBXFileReference; fileEncoding = 4; lastKnownFileType = sourcecode.c.objc; path = gameInfo.m; sourceTree = "<group>"; };
		EDEEEF0B159794BB00B2D080 /* gameInfo.xib */ = {isa = PBXFileReference; fileEncoding = 4; lastKnownFileType = file.xib; path = gameInfo.xib; sourceTree = "<group>"; };
		EDEEEF0E1597960000B2D080 /* BUTTON_MakeARuckus_x1.png */ = {isa = PBXFileReference; lastKnownFileType = image.png; path = BUTTON_MakeARuckus_x1.png; sourceTree = "<group>"; };
		EDEEEF101597990A00B2D080 /* shout.xib */ = {isa = PBXFileReference; fileEncoding = 4; lastKnownFileType = file.xib; path = shout.xib; sourceTree = "<group>"; };
		EDEEEF12159799DA00B2D080 /* choose.h */ = {isa = PBXFileReference; fileEncoding = 4; lastKnownFileType = sourcecode.c.h; path = choose.h; sourceTree = "<group>"; };
		EDEEEF13159799DA00B2D080 /* choose.m */ = {isa = PBXFileReference; fileEncoding = 4; lastKnownFileType = sourcecode.c.objc; path = choose.m; sourceTree = "<group>"; };
		EDEEEF14159799DA00B2D080 /* choose.xib */ = {isa = PBXFileReference; fileEncoding = 4; lastKnownFileType = file.xib; path = choose.xib; sourceTree = "<group>"; };
		EDEEEF1715979A0000B2D080 /* BKG_GotSomething_x1.png */ = {isa = PBXFileReference; lastKnownFileType = image.png; path = BKG_GotSomething_x1.png; sourceTree = "<group>"; };
		EDEEEF1815979A0000B2D080 /* BKG_LetsHearIt_x1.png */ = {isa = PBXFileReference; lastKnownFileType = image.png; path = BKG_LetsHearIt_x1.png; sourceTree = "<group>"; };
/* End PBXFileReference section */

/* Begin PBXFrameworksBuildPhase section */
		ED2EE4AD159667470055206F /* Frameworks */ = {
			isa = PBXFrameworksBuildPhase;
			buildActionMask = 2147483647;
			files = (
				ED2EE4D51596705E0055206F /* AVFoundation.framework in Frameworks */,
				ED2EE4B5159667470055206F /* UIKit.framework in Frameworks */,
				ED2EE4B7159667470055206F /* Foundation.framework in Frameworks */,
				ED2EE4B9159667470055206F /* CoreGraphics.framework in Frameworks */,
			);
			runOnlyForDeploymentPostprocessing = 0;
		};
/* End PBXFrameworksBuildPhase section */

/* Begin PBXGroup section */
		ED05E5931597BBFD005DF412 /* src */ = {
			isa = PBXGroup;
			children = (
				ED05E5941597BBFE005DF412 /* facebook-ios-sdk.xcodeproj */,
				ED05E5971597BBFE005DF412 /* Facebook.h */,
				ED05E5981597BBFE005DF412 /* Facebook.m */,
				ED05E5991597BBFE005DF412 /* facebook_ios_sdk_Prefix.pch */,
				ED05E59A1597BBFE005DF412 /* FBConnect.h */,
				ED05E59B1597BBFE005DF412 /* FBDialog.bundle */,
				ED05E59C1597BBFE005DF412 /* FBDialog.h */,
				ED05E59D1597BBFE005DF412 /* FBDialog.m */,
				ED05E59E1597BBFE005DF412 /* FBFrictionlessRequestSettings.h */,
				ED05E59F1597BBFE005DF412 /* FBFrictionlessRequestSettings.m */,
				ED05E5A01597BBFE005DF412 /* FBLoginDialog.h */,
				ED05E5A11597BBFE005DF412 /* FBLoginDialog.m */,
				ED05E5A21597BBFE005DF412 /* FBRequest.h */,
				ED05E5A31597BBFE005DF412 /* FBRequest.m */,
				ED05E5A41597BBFE005DF412 /* JSON */,
			);
			path = src;
			sourceTree = "<group>";
		};
		ED05E5951597BBFE005DF412 /* Products */ = {
			isa = PBXGroup;
			children = (
				ED05E5C31597BBFE005DF412 /* libfacebook_ios_sdk.a */,
			);
			name = Products;
			sourceTree = "<group>";
		};
		ED05E5A41597BBFE005DF412 /* JSON */ = {
			isa = PBXGroup;
			children = (
				ED05E5A51597BBFE005DF412 /* JSON.h */,
				ED05E5A61597BBFE005DF412 /* NSObject+SBJSON.h */,
				ED05E5A71597BBFE005DF412 /* NSObject+SBJSON.m */,
				ED05E5A81597BBFE005DF412 /* NSString+SBJSON.h */,
				ED05E5A91597BBFE005DF412 /* NSString+SBJSON.m */,
				ED05E5AA1597BBFE005DF412 /* SBJSON.h */,
				ED05E5AB1597BBFE005DF412 /* SBJSON.m */,
				ED05E5AC1597BBFE005DF412 /* SBJsonBase.h */,
				ED05E5AD1597BBFE005DF412 /* SBJsonBase.m */,
				ED05E5AE1597BBFE005DF412 /* SBJsonParser.h */,
				ED05E5AF1597BBFE005DF412 /* SBJsonParser.m */,
				ED05E5B01597BBFE005DF412 /* SBJsonWriter.h */,
				ED05E5B11597BBFE005DF412 /* SBJsonWriter.m */,
			);
			path = JSON;
			sourceTree = "<group>";
		};
		ED2EE4A5159667470055206F = {
			isa = PBXGroup;
			children = (
				ED05E55F1597AABD005DF412 /* icon.png */,
				ED05E55D1597A78E005DF412 /* Icon.png */,
				ED4DE1AA1596EF9A00FD54C6 /* Entitlements.entitlements */,
				ED2EE5011596D0490055206F /* Default@2x.png */,
				ED2EE4FF1596D0420055206F /* Default.png */,
				ED2EE4FB1596D0170055206F /* SPLASH_x1.png */,
				ED2EE4FC1596D0170055206F /* SPLASH_x2.png */,
				ED2EE4D41596705E0055206F /* AVFoundation.framework */,
				ED2EE4BA159667470055206F /* ruckus */,
				ED2EE4B3159667470055206F /* Frameworks */,
				ED2EE4B1159667470055206F /* Products */,
			);
			sourceTree = "<group>";
		};
		ED2EE4B1159667470055206F /* Products */ = {
			isa = PBXGroup;
			children = (
				ED2EE4B0159667470055206F /* ruckus.app */,
			);
			name = Products;
			sourceTree = "<group>";
		};
		ED2EE4B3159667470055206F /* Frameworks */ = {
			isa = PBXGroup;
			children = (
				ED2EE4B4159667470055206F /* UIKit.framework */,
				ED2EE4B6159667470055206F /* Foundation.framework */,
				ED2EE4B8159667470055206F /* CoreGraphics.framework */,
			);
			name = Frameworks;
			sourceTree = "<group>";
		};
		ED2EE4BA159667470055206F /* ruckus */ = {
			isa = PBXGroup;
			children = (
				ED05E5931597BBFD005DF412 /* src */,
				ED2EE5031596D0610055206F /* assets */,
				ED2EE4C3159667470055206F /* ruckusAppDelegate.h */,
				ED2EE4C4159667470055206F /* ruckusAppDelegate.m */,
				ED2EE4C6159667470055206F /* MainWindow.xib */,
				ED2EE4DA15968A3C0055206F /* game.h */,
				ED2EE4DB15968A3C0055206F /* game.m */,
				ED2EE4DC15968A3C0055206F /* game.xib */,
				EDEEEF09159794BB00B2D080 /* gameInfo.h */,
				EDEEEF0A159794BB00B2D080 /* gameInfo.m */,
				EDEEEF0B159794BB00B2D080 /* gameInfo.xib */,
				EDEEEF12159799DA00B2D080 /* choose.h */,
				EDEEEF13159799DA00B2D080 /* choose.m */,
				EDEEEF14159799DA00B2D080 /* choose.xib */,
				ED2EE4DF15968B910055206F /* shout.h */,
				ED2EE4E015968B910055206F /* shout.m */,
				EDEEEF101597990A00B2D080 /* shout.xib */,
				ED2EE4E415968FD70055206F /* topShouts.h */,
				ED2EE4E515968FD70055206F /* topShouts.m */,
				ED2EE4E615968FD70055206F /* topShouts.xib */,
				ED2EE4C9159667470055206F /* RootViewController.h */,
				ED2EE4CA159667470055206F /* RootViewController.m */,
				ED2EE4CC159667470055206F /* RootViewController.xib */,
				ED2EE4F61596C82D0055206F /* topShoutsAll.h */,
				ED2EE4F71596C82D0055206F /* topShoutsAll.m */,
				ED2EE4F81596C82E0055206F /* topShoutsAll.xib */,
				ED2EE4EE159690D80055206F /* spirit.h */,
				ED2EE4EF159690D80055206F /* spirit.m */,
				ED2EE4F0159690D80055206F /* spirit.xib */,
				ED2EE4F31596AA8B0055206F /* JSONKit.h */,
				ED2EE4F41596AA8B0055206F /* JSONKit.m */,
				ED2EE4BB159667470055206F /* Supporting Files */,
			);
			path = ruckus;
			sourceTree = "<group>";
		};
		ED2EE4BB159667470055206F /* Supporting Files */ = {
			isa = PBXGroup;
			children = (
				ED2EE4BC159667470055206F /* ruckus-Info.plist */,
				ED2EE4BD159667470055206F /* InfoPlist.strings */,
				ED2EE4C0159667470055206F /* main.m */,
				ED2EE4C2159667470055206F /* ruckus-Prefix.pch */,
			);
			name = "Supporting Files";
			sourceTree = "<group>";
		};
		ED2EE5031596D0610055206F /* assets */ = {
			isa = PBXGroup;
			children = (
				ED05E55B1597A0EC005DF412 /* BKG_FanFrenzy_x1.png */,
				ED05E5591597A021005DF412 /* BUTTON_SeeFanFrenzy_x1.png */,
				ED05E55715979FE2005DF412 /* BKG_LoudestRuckus_x1.png */,
				ED05E55515979FA8005DF412 /* TEXT_MakeSomeNoise_x1.png */,
				ED05E55315979EB8005DF412 /* BUTTON_PickFav_x1.png */,
				ED05E55115979E77005DF412 /* BKG_PickFavorite_x1.png */,
				ED05E54815979CE7005DF412 /* BUTTON_Draw_x1.png */,
				ED05E54915979CE7005DF412 /* BUTTON_Photography_x1.png */,
				ED05E54A15979CE7005DF412 /* BUTTON_RECORD_choose_x1.png */,
				ED05E54B15979CE7005DF412 /* BUTTON_WriteIt_x1.png */,
				EDEEEF1715979A0000B2D080 /* BKG_GotSomething_x1.png */,
				EDEEEF1815979A0000B2D080 /* BKG_LetsHearIt_x1.png */,
				EDEEEF0E1597960000B2D080 /* BUTTON_MakeARuckus_x1.png */,
				ED4DE1A41596E92A00FD54C6 /* BKG_SCR6_STATIC_x1.png */,
				ED4DE1A21596E8A900FD54C6 /* BUTTON_DONE_x1.png */,
				ED4DE1941596E63D00FD54C6 /* recording1_x1.png */,
				ED4DE1951596E63D00FD54C6 /* recording2_x1.png */,
				ED4DE1961596E63D00FD54C6 /* recording3_x1.png */,
				ED4DE1971596E63D00FD54C6 /* recording4_x1.png */,
				ED4DE1921596E5AE00FD54C6 /* head_increase.png */,
				ED4DE1901596E2E700FD54C6 /* screen2.png */,
				ED2EE55C1596E1330055206F /* BUTTON_FLAG_x1.png */,
				ED2EE55D1596E1340055206F /* BUTTON_SHARE_SM_x1.png */,
				ED4DE19C1596E65D00FD54C6 /* BUTTON_RECORD_x1.png */,
				ED2EE55E1596E1340055206F /* BUTTON_VOTE_x1.png */,
				ED2EE5541596DEEF0055206F /* BUTTON_SUBMIT_x1.png */,
				ED2EE5581596DF450055206F /* BUTTON_SKIP_x1.png */,
				ED2EE5561596DF2E0055206F /* BUTTON_SHARE_BIG_x1.png */,
				ED4DE19E1596E6E200FD54C6 /* TEXT_MakeARuckus_x1.png */,
				ED2EE54E1596DD9A0055206F /* As_btn.png */,
				ED2EE54F1596DD9A0055206F /* giants_btn.png */,
				ED2EE54A1596D69D0055206F /* mets_btn.png */,
				ED2EE54C1596D6A50055206F /* yankees_btn.png */,
				ED2EE5461596D4EA0055206F /* head.png */,
				ED2EE5421596D4A20055206F /* mets_head.png */,
				ED2EE5431596D4A20055206F /* yankees_head.png */,
				ED2EE5401596D3580055206F /* BKG_x1.png */,
				ED2EE55A1596E0A30055206F /* BKG_SCR3_x1.png */,
				ED2EE5521596DDF40055206F /* BKG_SCR2_x1.png */,
				ED2EE5481596D6660055206F /* BKG_SCR1_x1.png */,
				ED4DE1A01596E76700FD54C6 /* BKG_SCR5_x1.png */,
			);
			name = assets;
			sourceTree = "<group>";
		};
/* End PBXGroup section */

/* Begin PBXNativeTarget section */
		ED2EE4AF159667470055206F /* ruckus */ = {
			isa = PBXNativeTarget;
			buildConfigurationList = ED2EE4D1159667470055206F /* Build configuration list for PBXNativeTarget "ruckus" */;
			buildPhases = (
				ED2EE4AC159667470055206F /* Sources */,
				ED2EE4AD159667470055206F /* Frameworks */,
				ED2EE4AE159667470055206F /* Resources */,
			);
			buildRules = (
			);
			dependencies = (
			);
			name = ruckus;
			productName = ruckus;
			productReference = ED2EE4B0159667470055206F /* ruckus.app */;
			productType = "com.apple.product-type.application";
		};
/* End PBXNativeTarget section */

/* Begin PBXProject section */
		ED2EE4A7159667470055206F /* Project object */ = {
			isa = PBXProject;
			attributes = {
				ORGANIZATIONNAME = "Momentus Media";
			};
			buildConfigurationList = ED2EE4AA159667470055206F /* Build configuration list for PBXProject "ruckus" */;
			compatibilityVersion = "Xcode 3.2";
			developmentRegion = English;
			hasScannedForEncodings = 0;
			knownRegions = (
				en,
			);
			mainGroup = ED2EE4A5159667470055206F;
			productRefGroup = ED2EE4B1159667470055206F /* Products */;
			projectDirPath = "";
			projectReferences = (
				{
					ProductGroup = ED05E5951597BBFE005DF412 /* Products */;
					ProjectRef = ED05E5941597BBFE005DF412 /* facebook-ios-sdk.xcodeproj */;
				},
			);
			projectRoot = "";
			targets = (
				ED2EE4AF159667470055206F /* ruckus */,
			);
		};
/* End PBXProject section */

/* Begin PBXReferenceProxy section */
		ED05E5C31597BBFE005DF412 /* libfacebook_ios_sdk.a */ = {
			isa = PBXReferenceProxy;
			fileType = archive.ar;
			path = libfacebook_ios_sdk.a;
			remoteRef = ED05E5C21597BBFE005DF412 /* PBXContainerItemProxy */;
			sourceTree = BUILT_PRODUCTS_DIR;
		};
/* End PBXReferenceProxy section */

/* Begin PBXResourcesBuildPhase section */
		ED2EE4AE159667470055206F /* Resources */ = {
			isa = PBXResourcesBuildPhase;
			buildActionMask = 2147483647;
			files = (
				ED2EE4BF159667470055206F /* InfoPlist.strings in Resources */,
				ED2EE4C8159667470055206F /* MainWindow.xib in Resources */,
				ED2EE4CE159667470055206F /* RootViewController.xib in Resources */,
				ED2EE4DE15968A3C0055206F /* game.xib in Resources */,
				ED2EE4E815968FD70055206F /* topShouts.xib in Resources */,
				ED2EE4F2159690D90055206F /* spirit.xib in Resources */,
				ED2EE4FA1596C82E0055206F /* topShoutsAll.xib in Resources */,
				ED2EE4FD1596D0180055206F /* SPLASH_x1.png in Resources */,
				ED2EE4FE1596D0180055206F /* SPLASH_x2.png in Resources */,
				ED2EE5001596D0420055206F /* Default.png in Resources */,
				ED2EE5021596D04A0055206F /* Default@2x.png in Resources */,
				ED2EE5411596D3580055206F /* BKG_x1.png in Resources */,
				ED2EE5441596D4A20055206F /* mets_head.png in Resources */,
				ED2EE5451596D4A20055206F /* yankees_head.png in Resources */,
				ED2EE5471596D4EA0055206F /* head.png in Resources */,
				ED2EE5491596D6660055206F /* BKG_SCR1_x1.png in Resources */,
				ED2EE54B1596D69D0055206F /* mets_btn.png in Resources */,
				ED2EE54D1596D6A50055206F /* yankees_btn.png in Resources */,
				ED2EE5501596DD9A0055206F /* As_btn.png in Resources */,
				ED2EE5511596DD9A0055206F /* giants_btn.png in Resources */,
				ED2EE5531596DDF40055206F /* BKG_SCR2_x1.png in Resources */,
				ED2EE5551596DEEF0055206F /* BUTTON_SUBMIT_x1.png in Resources */,
				ED2EE5571596DF2F0055206F /* BUTTON_SHARE_BIG_x1.png in Resources */,
				ED2EE5591596DF450055206F /* BUTTON_SKIP_x1.png in Resources */,
				ED2EE55B1596E0A30055206F /* BKG_SCR3_x1.png in Resources */,
				ED2EE55F1596E1340055206F /* BUTTON_FLAG_x1.png in Resources */,
				ED2EE5601596E1340055206F /* BUTTON_SHARE_SM_x1.png in Resources */,
				ED2EE5611596E1340055206F /* BUTTON_VOTE_x1.png in Resources */,
				ED4DE1911596E2E700FD54C6 /* screen2.png in Resources */,
				ED4DE1931596E5AE00FD54C6 /* head_increase.png in Resources */,
				ED4DE1981596E63D00FD54C6 /* recording1_x1.png in Resources */,
				ED4DE1991596E63D00FD54C6 /* recording2_x1.png in Resources */,
				ED4DE19A1596E63D00FD54C6 /* recording3_x1.png in Resources */,
				ED4DE19B1596E63D00FD54C6 /* recording4_x1.png in Resources */,
				ED4DE19D1596E65D00FD54C6 /* BUTTON_RECORD_x1.png in Resources */,
				ED4DE19F1596E6E200FD54C6 /* TEXT_MakeARuckus_x1.png in Resources */,
				ED4DE1A11596E76700FD54C6 /* BKG_SCR5_x1.png in Resources */,
				ED4DE1A31596E8A900FD54C6 /* BUTTON_DONE_x1.png in Resources */,
				ED4DE1A51596E92A00FD54C6 /* BKG_SCR6_STATIC_x1.png in Resources */,
				ED4DE1AB1596EF9B00FD54C6 /* Entitlements.entitlements in Resources */,
				EDEEEF0D159794BB00B2D080 /* gameInfo.xib in Resources */,
				EDEEEF0F1597960000B2D080 /* BUTTON_MakeARuckus_x1.png in Resources */,
				EDEEEF111597990A00B2D080 /* shout.xib in Resources */,
				EDEEEF16159799DB00B2D080 /* choose.xib in Resources */,
				EDEEEF1915979A0000B2D080 /* BKG_GotSomething_x1.png in Resources */,
				EDEEEF1A15979A0000B2D080 /* BKG_LetsHearIt_x1.png in Resources */,
				ED05E54C15979CE7005DF412 /* BUTTON_Draw_x1.png in Resources */,
				ED05E54D15979CE7005DF412 /* BUTTON_Photography_x1.png in Resources */,
				ED05E54E15979CE7005DF412 /* BUTTON_RECORD_choose_x1.png in Resources */,
				ED05E54F15979CE7005DF412 /* BUTTON_WriteIt_x1.png in Resources */,
				ED05E55215979E77005DF412 /* BKG_PickFavorite_x1.png in Resources */,
				ED05E55415979EB8005DF412 /* BUTTON_PickFav_x1.png in Resources */,
				ED05E55615979FA8005DF412 /* TEXT_MakeSomeNoise_x1.png in Resources */,
				ED05E55815979FE2005DF412 /* BKG_LoudestRuckus_x1.png in Resources */,
				ED05E55A1597A021005DF412 /* BUTTON_SeeFanFrenzy_x1.png in Resources */,
				ED05E55C1597A0EC005DF412 /* BKG_FanFrenzy_x1.png in Resources */,
				ED05E55E1597A78E005DF412 /* Icon.png in Resources */,
				ED05E5601597AABE005DF412 /* icon.png in Resources */,
				ED05E5B61597BBFE005DF412 /* FBDialog.bundle in Resources */,
			);
			runOnlyForDeploymentPostprocessing = 0;
		};
/* End PBXResourcesBuildPhase section */

/* Begin PBXSourcesBuildPhase section */
		ED2EE4AC159667470055206F /* Sources */ = {
			isa = PBXSourcesBuildPhase;
			buildActionMask = 2147483647;
			files = (
				ED2EE4C1159667470055206F /* main.m in Sources */,
				ED2EE4C5159667470055206F /* ruckusAppDelegate.m in Sources */,
				ED2EE4CB159667470055206F /* RootViewController.m in Sources */,
				ED2EE4DD15968A3C0055206F /* game.m in Sources */,
				ED2EE4E215968B910055206F /* shout.m in Sources */,
				ED2EE4E715968FD70055206F /* topShouts.m in Sources */,
				ED2EE4F1159690D90055206F /* spirit.m in Sources */,
				ED2EE4F51596AA8B0055206F /* JSONKit.m in Sources */,
				ED2EE4F91596C82E0055206F /* topShoutsAll.m in Sources */,
				EDEEEF0C159794BB00B2D080 /* gameInfo.m in Sources */,
				EDEEEF15159799DB00B2D080 /* choose.m in Sources */,
				ED05E5B51597BBFE005DF412 /* Facebook.m in Sources */,
				ED05E5B71597BBFE005DF412 /* FBDialog.m in Sources */,
				ED05E5B81597BBFE005DF412 /* FBFrictionlessRequestSettings.m in Sources */,
				ED05E5B91597BBFE005DF412 /* FBLoginDialog.m in Sources */,
				ED05E5BA1597BBFE005DF412 /* FBRequest.m in Sources */,
				ED05E5BB1597BBFE005DF412 /* NSObject+SBJSON.m in Sources */,
				ED05E5BC1597BBFE005DF412 /* NSString+SBJSON.m in Sources */,
				ED05E5BD1597BBFE005DF412 /* SBJSON.m in Sources */,
				ED05E5BE1597BBFE005DF412 /* SBJsonBase.m in Sources */,
				ED05E5BF1597BBFE005DF412 /* SBJsonParser.m in Sources */,
				ED05E5C01597BBFE005DF412 /* SBJsonWriter.m in Sources */,
			);
			runOnlyForDeploymentPostprocessing = 0;
		};
/* End PBXSourcesBuildPhase section */

/* Begin PBXVariantGroup section */
		ED2EE4BD159667470055206F /* InfoPlist.strings */ = {
			isa = PBXVariantGroup;
			children = (
				ED2EE4BE159667470055206F /* en */,
			);
			name = InfoPlist.strings;
			sourceTree = "<group>";
		};
		ED2EE4C6159667470055206F /* MainWindow.xib */ = {
			isa = PBXVariantGroup;
			children = (
				ED2EE4C7159667470055206F /* en */,
			);
			name = MainWindow.xib;
			sourceTree = "<group>";
		};
		ED2EE4CC159667470055206F /* RootViewController.xib */ = {
			isa = PBXVariantGroup;
			children = (
				ED2EE4CD159667470055206F /* en */,
			);
			name = RootViewController.xib;
			sourceTree = "<group>";
		};
/* End PBXVariantGroup section */

/* Begin XCBuildConfiguration section */
		ED2EE4CF159667470055206F /* Debug */ = {
			isa = XCBuildConfiguration;
			buildSettings = {
				ALWAYS_SEARCH_USER_PATHS = NO;
				ARCHS = "$(ARCHS_STANDARD_32_BIT)";
				"CODE_SIGN_IDENTITY[sdk=iphoneos*]" = "iPhone Developer";
				COPY_PHASE_STRIP = NO;
				GCC_C_LANGUAGE_STANDARD = gnu99;
				GCC_DYNAMIC_NO_PIC = NO;
				GCC_OPTIMIZATION_LEVEL = 0;
				GCC_PREPROCESSOR_DEFINITIONS = (
					"DEBUG=1",
					"$(inherited)",
				);
				GCC_SYMBOLS_PRIVATE_EXTERN = NO;
				GCC_VERSION = com.apple.compilers.llvmgcc42;
				GCC_WARN_ABOUT_MISSING_PROTOTYPES = YES;
				GCC_WARN_ABOUT_RETURN_TYPE = YES;
				GCC_WARN_UNUSED_VARIABLE = YES;
				IPHONEOS_DEPLOYMENT_TARGET = 3.1;
				SDKROOT = iphoneos;
			};
			name = Debug;
		};
		ED2EE4D0159667470055206F /* Release */ = {
			isa = XCBuildConfiguration;
			buildSettings = {
				ALWAYS_SEARCH_USER_PATHS = NO;
				ARCHS = "$(ARCHS_STANDARD_32_BIT)";
				"CODE_SIGN_IDENTITY[sdk=iphoneos*]" = "iPhone Developer";
				COPY_PHASE_STRIP = YES;
				GCC_C_LANGUAGE_STANDARD = gnu99;
				GCC_VERSION = com.apple.compilers.llvmgcc42;
				GCC_WARN_ABOUT_MISSING_PROTOTYPES = YES;
				GCC_WARN_ABOUT_RETURN_TYPE = YES;
				GCC_WARN_UNUSED_VARIABLE = YES;
				IPHONEOS_DEPLOYMENT_TARGET = 3.1;
				OTHER_CFLAGS = "-DNS_BLOCK_ASSERTIONS=1";
				SDKROOT = iphoneos;
				VALIDATE_PRODUCT = YES;
			};
			name = Release;
		};
		ED2EE4D2159667470055206F /* Debug */ = {
			isa = XCBuildConfiguration;
			buildSettings = {
				GCC_PRECOMPILE_PREFIX_HEADER = YES;
				GCC_PREFIX_HEADER = "ruckus/ruckus-Prefix.pch";
				INFOPLIST_FILE = "ruckus/ruckus-Info.plist";
				IPHONEOS_DEPLOYMENT_TARGET = 3.1;
				PRODUCT_NAME = "$(TARGET_NAME)";
				WRAPPER_EXTENSION = app;
			};
			name = Debug;
		};
		ED2EE4D3159667470055206F /* Release */ = {
			isa = XCBuildConfiguration;
			buildSettings = {
				GCC_PRECOMPILE_PREFIX_HEADER = YES;
				GCC_PREFIX_HEADER = "ruckus/ruckus-Prefix.pch";
				INFOPLIST_FILE = "ruckus/ruckus-Info.plist";
				IPHONEOS_DEPLOYMENT_TARGET = 3.1;
				PRODUCT_NAME = "$(TARGET_NAME)";
				WRAPPER_EXTENSION = app;
			};
			name = Release;
		};
		ED4DE1AC1596EFCC00FD54C6 /* Ad Hoc */ = {
			isa = XCBuildConfiguration;
			buildSettings = {
				ALWAYS_SEARCH_USER_PATHS = NO;
				ARCHS = "$(ARCHS_STANDARD_32_BIT)";
				"CODE_SIGN_IDENTITY[sdk=iphoneos*]" = "iPhone Distribution: Anna BILLSTROM";
				COPY_PHASE_STRIP = YES;
				GCC_C_LANGUAGE_STANDARD = gnu99;
				GCC_VERSION = com.apple.compilers.llvmgcc42;
				GCC_WARN_ABOUT_MISSING_PROTOTYPES = YES;
				GCC_WARN_ABOUT_RETURN_TYPE = YES;
				GCC_WARN_UNUSED_VARIABLE = YES;
				IPHONEOS_DEPLOYMENT_TARGET = 3.1;
				OTHER_CFLAGS = "-DNS_BLOCK_ASSERTIONS=1";
				"PROVISIONING_PROFILE[sdk=iphoneos*]" = "91AF7CEF-6232-45BF-8149-5725E34A7200";
				SDKROOT = iphoneos;
				VALIDATE_PRODUCT = YES;
			};
			name = "Ad Hoc";
		};
		ED4DE1AD1596EFCC00FD54C6 /* Ad Hoc */ = {
			isa = XCBuildConfiguration;
			buildSettings = {
				CODE_SIGN_ENTITLEMENTS = Entitlements.entitlements;
				"CODE_SIGN_ENTITLEMENTS[sdk=*]" = "";
				GCC_PRECOMPILE_PREFIX_HEADER = YES;
				GCC_PREFIX_HEADER = "ruckus/ruckus-Prefix.pch";
				INFOPLIST_FILE = "ruckus/ruckus-Info.plist";
				IPHONEOS_DEPLOYMENT_TARGET = 3.1;
				PRODUCT_NAME = "$(TARGET_NAME)";
				WRAPPER_EXTENSION = app;
			};
			name = "Ad Hoc";
		};
/* End XCBuildConfiguration section */

/* Begin XCConfigurationList section */
		ED2EE4AA159667470055206F /* Build configuration list for PBXProject "ruckus" */ = {
			isa = XCConfigurationList;
			buildConfigurations = (
				ED2EE4CF159667470055206F /* Debug */,
				ED2EE4D0159667470055206F /* Release */,
				ED4DE1AC1596EFCC00FD54C6 /* Ad Hoc */,
			);
			defaultConfigurationIsVisible = 0;
			defaultConfigurationName = Release;
		};
		ED2EE4D1159667470055206F /* Build configuration list for PBXNativeTarget "ruckus" */ = {
			isa = XCConfigurationList;
			buildConfigurations = (
				ED2EE4D2159667470055206F /* Debug */,
				ED2EE4D3159667470055206F /* Release */,
				ED4DE1AD1596EFCC00FD54C6 /* Ad Hoc */,
			);
			defaultConfigurationIsVisible = 0;
			defaultConfigurationName = Release;
		};
/* End XCConfigurationList section */
	};
	rootObject = ED2EE4A7159667470055206F /* Project object */;
}
